{
  "lockfileVersion": 1,
  "configVersion": 1,
  "workspaces": {
    "": {
      "name": "quran-stories",
      "dependencies": {
        "openai": "^6.39.1",
      },
    },
  },
  "packages": {
    "openai": ["openai@6.39.1", "", { "peerDependencies": { "ws": "^8.18.0", "zod": "^3.25 || ^4.0" }, "optionalPeers": ["ws", "zod"], "bin": { "openai": "bin/cli" } }, "sha512-z3dO9fEWOXBzlXynVb/xZ/tujzUjFWQWn3C0n0mw6Vo0zJTbEkaN4b2cLWjhJ6haJQx8LlREoafHRl+Gu/Hl+A=="],
  }
}
